
Microsoft Visual Studio Solution File, Format Version 12.00
# Visual Studio Version 16
VisualStudioVersion = 16.0.29503.13
MinimumVisualStudioVersion = 10.0.40219.1
Project("{FAE04EC0-301F-11D3-BF4B-00C04F79EFBC}") = "VividEngine", "..\VividEngine\VividEngine.csproj", "{4A8424B0-78B1-4A0F-A217-1C884D863E30}"
EndProject
Project("{FAE04EC0-301F-11D3-BF4B-00C04F79EFBC}") = "MapViewer", "..\MapViewer\MapViewer.csproj", "{1C6E1463-0236-4C7E-A1DE-305A9CFDCB11}"
EndProject
Project("{FAE04EC0-301F-11D3-BF4B-00C04F79EFBC}") = "SpaceEngine", "..\SpaceEngine\SpaceEngine.csproj", "{339BC928-4AAF-4214-B478-9813EBB24BE7}"
EndProject
Global
	GlobalSection(SolutionConfigurationPlatforms) = preSolution
		Debug|Any CPU = Debug|Any CPU
		Debug|x64 = Debug|x64
		Release|Any CPU = Release|Any CPU
		Release|x64 = Release|x64
	EndGlobalSection
	GlobalSection(ProjectConfigurationPlatforms) = postSolution
		{4A8424B0-78B1-4A0F-A217-1C884D863E30}.Debug|Any CPU.ActiveCfg = Debug|Any CPU
		{4A8424B0-78B1-4A0F-A217-1C884D863E30}.Debug|Any CPU.Build.0 = Debug|Any CPU
		{4A8424B0-78B1-4A0F-A217-1C884D863E30}.Debug|x64.ActiveCfg = Debug|x64
		{4A8424B0-78B1-4A0F-A217-1C884D863E30}.Debug|x64.Build.0 = Debug|x64
		{4A8424B0-78B1-4A0F-A217-1C884D863E30}.Release|Any CPU.ActiveCfg = Release|Any CPU
		{4A8424B0-78B1-4A0F-A217-1C884D863E30}.Release|Any CPU.Build.0 = Release|Any CPU
		{4A8424B0-78B1-4A0F-A217-1C884D863E30}.Release|x64.ActiveCfg = Release|Any CPU
		{4A8424B0-78B1-4A0F-A217-1C884D863E30}.Release|x64.Build.0 = Release|Any CPU
		{1C6E1463-0236-4C7E-A1DE-305A9CFDCB11}.Debug|Any CPU.ActiveCfg = Debug|Any CPU
		{1C6E1463-0236-4C7E-A1DE-305A9CFDCB11}.Debug|Any CPU.Build.0 = Debug|Any CPU
		{1C6E1463-0236-4C7E-A1DE-305A9CFDCB11}.Debug|x64.ActiveCfg = Debug|x64
		{1C6E1463-0236-4C7E-A1DE-305A9CFDCB11}.Debug|x64.Build.0 = Debug|x64
		{1C6E1463-0236-4C7E-A1DE-305A9CFDCB11}.Release|Any CPU.ActiveCfg = Release|Any CPU
		{1C6E1463-0236-4C7E-A1DE-305A9CFDCB11}.Release|Any CPU.Build.0 = Release|Any CPU
		{1C6E1463-0236-4C7E-A1DE-305A9CFDCB11}.Release|x64.ActiveCfg = Release|Any CPU
		{1C6E1463-0236-4C7E-A1DE-305A9CFDCB11}.Release|x64.Build.0 = Release|Any CPU
		{339BC928-4AAF-4214-B478-9813EBB24BE7}.Debug|Any CPU.ActiveCfg = Debug|Any CPU
		{339BC928-4AAF-4214-B478-9813EBB24BE7}.Debug|Any CPU.Build.0 = Debug|Any CPU
		{339BC928-4AAF-4214-B478-9813EBB24BE7}.Debug|x64.ActiveCfg = Debug|Any CPU
		{339BC928-4AAF-4214-B478-9813EBB24BE7}.Debug|x64.Build.0 = Debug|Any CPU
		{339BC928-4AAF-4214-B478-9813EBB24BE7}.Release|Any CPU.ActiveCfg = Release|Any CPU
		{339BC928-4AAF-4214-B478-9813EBB24BE7}.Release|Any CPU.Build.0 = Release|Any CPU
		{339BC928-4AAF-4214-B478-9813EBB24BE7}.Release|x64.ActiveCfg = Release|Any CPU
		{339BC928-4AAF-4214-B478-9813EBB24BE7}.Release|x64.Build.0 = Release|Any CPU
	EndGlobalSection
	GlobalSection(SolutionProperties) = preSolution
		HideSolutionNode = FALSE
	EndGlobalSection
	GlobalSection(ExtensibilityGlobals) = postSolution
		SolutionGuid = {51E996FF-E22C-4F2F-AB08-EAACBFD582F9}
	EndGlobalSection
EndGlobal
